
Microsoft Visual Studio Solution File, Format Version 12.00
# Visual Studio Version 17
VisualStudioVersion = 17.8.34511.84
MinimumVisualStudioVersion = 10.0.40219.1
Project("{FAE04EC0-301F-11D3-BF4B-00C04F79EFBC}") = "Reference-Value-Types_Task", "Reference-Value-Types_Task\Reference-Value-Types_Task.csproj", "{E847DFF9-784A-49D1-AA7A-77327DD4C58C}"
EndProject
Global
	GlobalSection(SolutionConfigurationPlatforms) = preSolution
		Debug|Any CPU = Debug|Any CPU
		Release|Any CPU = Release|Any CPU
	EndGlobalSection
	GlobalSection(ProjectConfigurationPlatforms) = postSolution
		{E847DFF9-784A-49D1-AA7A-77327DD4C58C}.Debug|Any CPU.ActiveCfg = Debug|Any CPU
		{E847DFF9-784A-49D1-AA7A-77327DD4C58C}.Debug|Any CPU.Build.0 = Debug|Any CPU
		{E847DFF9-784A-49D1-AA7A-77327DD4C58C}.Release|Any CPU.ActiveCfg = Release|Any CPU
		{E847DFF9-784A-49D1-AA7A-77327DD4C58C}.Release|Any CPU.Build.0 = Release|Any CPU
	EndGlobalSection
	GlobalSection(SolutionProperties) = preSolution
		HideSolutionNode = FALSE
	EndGlobalSection
	GlobalSection(ExtensibilityGlobals) = postSolution
		SolutionGuid = {416F00F7-7E7E-48D8-BC34-AF70C1A79438}
	EndGlobalSection
EndGlobal
